<?xml version="1.0" encoding="UTF-8" standalone="yes" ?>
<CodeBlocks_project_file>
	<FileVersion major="1" minor="6" />
	<Project>
		<Option title="coelho" />
		<Option pch_mode="2" />
		<Option compiler="gcc" />
		<Build>
			<Target title="Debug">
				<Option output="coelho" prefix_auto="1" extension_auto="1" />
				<Option object_output="obj/Debug/" />
				<Option type="1" />
				<Option compiler="gcc" />
				<Compiler>
					<Add option="-g" />
				</Compiler>
				<Linker>
					<Add option="-glut" />
					<Add option="-glu" />
					<Add option="-gl" />
					<Add option="-lglut" />
				</Linker>
			</Target>
			<Target title="Release">
				<Option output="coelho" prefix_auto="1" extension_auto="1" />
				<Option object_output="obj/Release/" />
				<Option type="1" />
				<Option compiler="gcc" />
				<Compiler>
					<Add option="-O2" />
				</Compiler>
				<Linker>
					<Add option="-s" />
				</Linker>
			</Target>
		</Build>
		<Compiler>
			<Add option="-Wall" />
			<Add option="-fexceptions" />
		</Compiler>
		<Unit filename="main.c">
			<Option compilerVar="CC" />
		</Unit>
		<Unit filename="malha.c">
			<Option compilerVar="CC" />
		</Unit>
		<Unit filename="malha.h" />
		<Unit filename="ply.c">
			<Option compilerVar="CC" />
		</Unit>
		<Unit filename="ply.h" />
		<Unit filename="rply.c">
			<Option compilerVar="CC" />
		</Unit>
		<Unit filename="rply.h" />
		<Extensions>
			<code_completion />
			<debugger />
		</Extensions>
	</Project>
</CodeBlocks_project_file>
